// !$*UTF8*$!
{
	archiveVersion = 1;
	classes = {
	};
	objectVersion = 51;
	objects = {

/* Begin PBXBuildFile section */
		4B0C484C26400A33002BD081 /* CustomTextField.swift in Sources */ = {isa = PBXBuildFile; fileRef = 4B0C484B26400A33002BD081 /* CustomTextField.swift */; };
		4B0C484E26400C88002BD081 /* AuthButton.swift in Sources */ = {isa = PBXBuildFile; fileRef = 4B0C484D26400C88002BD081 /* AuthButton.swift */; };
		4B0C485326402CC0002BD081 /* UIViewController+Ext.swift in Sources */ = {isa = PBXBuildFile; fileRef = 4B0C485226402CC0002BD081 /* UIViewController+Ext.swift */; };
		4B0C485526402E1F002BD081 /* BottomButton.swift in Sources */ = {isa = PBXBuildFile; fileRef = 4B0C485426402E1F002BD081 /* BottomButton.swift */; };
		4B0C4857264034BD002BD081 /* SignupViewController.swift in Sources */ = {isa = PBXBuildFile; fileRef = 4B0C4856264034BD002BD081 /* SignupViewController.swift */; };
		4B0C48592640393E002BD081 /* Reactive+Ext.swift in Sources */ = {isa = PBXBuildFile; fileRef = 4B0C48582640393E002BD081 /* Reactive+Ext.swift */; };
		4B0C48602641135E002BD081 /* LoginViewModelBindable.swift in Sources */ = {isa = PBXBuildFile; fileRef = 4B0C485F2641135E002BD081 /* LoginViewModelBindable.swift */; };
		4B0C4862264113EE002BD081 /* SignupViewModelBindable.swift in Sources */ = {isa = PBXBuildFile; fileRef = 4B0C4861264113EE002BD081 /* SignupViewModelBindable.swift */; };
		4B0C486426411DD4002BD081 /* ChatListViewModelBindable.swift in Sources */ = {isa = PBXBuildFile; fileRef = 4B0C486326411DD3002BD081 /* ChatListViewModelBindable.swift */; };
		4B0C486626411E11002BD081 /* ChatListViewModel.swift in Sources */ = {isa = PBXBuildFile; fileRef = 4B0C486526411E11002BD081 /* ChatListViewModel.swift */; };
		4B0C486826412348002BD081 /* ChatListViewController.swift in Sources */ = {isa = PBXBuildFile; fileRef = 4B0C486726412348002BD081 /* ChatListViewController.swift */; };
		4B0C486A26412394002BD081 /* APIService.swift in Sources */ = {isa = PBXBuildFile; fileRef = 4B0C486926412394002BD081 /* APIService.swift */; };
		4B0C486C264126BB002BD081 /* ChatListCell.swift in Sources */ = {isa = PBXBuildFile; fileRef = 4B0C486B264126BB002BD081 /* ChatListCell.swift */; };
		4B0C486E26412B5C002BD081 /* FriendListViewController.swift in Sources */ = {isa = PBXBuildFile; fileRef = 4B0C486D26412B5C002BD081 /* FriendListViewController.swift */; };
		4B0C487026412B71002BD081 /* FriendListViewModel.swift in Sources */ = {isa = PBXBuildFile; fileRef = 4B0C486F26412B71002BD081 /* FriendListViewModel.swift */; };
		4B0C487226412B85002BD081 /* FriendListViewModelBindable.swift in Sources */ = {isa = PBXBuildFile; fileRef = 4B0C487126412B85002BD081 /* FriendListViewModelBindable.swift */; };
		4B7645FA264A850E00290E2E /* UserCell.swift in Sources */ = {isa = PBXBuildFile; fileRef = 4B7645F9264A850E00290E2E /* UserCell.swift */; };
		4B764605264BC97900290E2E /* LoginViewModelTest.swift in Sources */ = {isa = PBXBuildFile; fileRef = 4B764604264BC97900290E2E /* LoginViewModelTest.swift */; };
		4B764609264C136500290E2E /* FriendListViewModelTest.swift in Sources */ = {isa = PBXBuildFile; fileRef = 4B764608264C136500290E2E /* FriendListViewModelTest.swift */; };
		4B76460B264C181B00290E2E /* APIServiceProtocol.swift in Sources */ = {isa = PBXBuildFile; fileRef = 4B76460A264C181B00290E2E /* APIServiceProtocol.swift */; };
		4B76460D264C192D00290E2E /* FakeAPIService.swift in Sources */ = {isa = PBXBuildFile; fileRef = 4B76460C264C192D00290E2E /* FakeAPIService.swift */; };
		4B76460F264CBBE700290E2E /* ChatListViewModelTest.swift in Sources */ = {isa = PBXBuildFile; fileRef = 4B76460E264CBBE700290E2E /* ChatListViewModelTest.swift */; };
		4B764611264CBDE800290E2E /* ChatViewModelTest.swift in Sources */ = {isa = PBXBuildFile; fileRef = 4B764610264CBDE800290E2E /* ChatViewModelTest.swift */; };
		4B9E1A1D264D630A00936FD3 /* PushNotificationSender.swift in Sources */ = {isa = PBXBuildFile; fileRef = 4B9E1A1C264D630A00936FD3 /* PushNotificationSender.swift */; };
		4B9E1A20264D716000936FD3 /* Push.swift in Sources */ = {isa = PBXBuildFile; fileRef = 4B9E1A1F264D716000936FD3 /* Push.swift */; };
		4BEB39572641691A006FC9BB /* ChatViewModelBindable.swift in Sources */ = {isa = PBXBuildFile; fileRef = 4BEB39562641691A006FC9BB /* ChatViewModelBindable.swift */; };
		4BEB395926416942006FC9BB /* ChatViewModel.swift in Sources */ = {isa = PBXBuildFile; fileRef = 4BEB395826416942006FC9BB /* ChatViewModel.swift */; };
		4BEB395B26416950006FC9BB /* ChatViewController.swift in Sources */ = {isa = PBXBuildFile; fileRef = 4BEB395A26416950006FC9BB /* ChatViewController.swift */; };
		4BEB395D26416BE7006FC9BB /* CustomInputView.swift in Sources */ = {isa = PBXBuildFile; fileRef = 4BEB395C26416BE7006FC9BB /* CustomInputView.swift */; };
		4BEB395F26416E9D006FC9BB /* MessageCell.swift in Sources */ = {isa = PBXBuildFile; fileRef = 4BEB395E26416E9D006FC9BB /* MessageCell.swift */; };
		4BEB396126416EFC006FC9BB /* MessageViewModel.swift in Sources */ = {isa = PBXBuildFile; fileRef = 4BEB396026416EFC006FC9BB /* MessageViewModel.swift */; };
		4BFD0983263FB004004D43E2 /* AppDelegate.swift in Sources */ = {isa = PBXBuildFile; fileRef = 4BFD0982263FB004004D43E2 /* AppDelegate.swift */; };
		4BFD0985263FB004004D43E2 /* SceneDelegate.swift in Sources */ = {isa = PBXBuildFile; fileRef = 4BFD0984263FB004004D43E2 /* SceneDelegate.swift */; };
		4BFD0987263FB004004D43E2 /* LoginViewController.swift in Sources */ = {isa = PBXBuildFile; fileRef = 4BFD0986263FB004004D43E2 /* LoginViewController.swift */; };
		4BFD098A263FB004004D43E2 /* Main.storyboard in Resources */ = {isa = PBXBuildFile; fileRef = 4BFD0988263FB004004D43E2 /* Main.storyboard */; };
		4BFD098C263FB005004D43E2 /* Assets.xcassets in Resources */ = {isa = PBXBuildFile; fileRef = 4BFD098B263FB005004D43E2 /* Assets.xcassets */; };
		4BFD098F263FB005004D43E2 /* LaunchScreen.storyboard in Resources */ = {isa = PBXBuildFile; fileRef = 4BFD098D263FB005004D43E2 /* LaunchScreen.storyboard */; };
		4BFD09B3263FB5D9004D43E2 /* GoogleService-Info.plist in Resources */ = {isa = PBXBuildFile; fileRef = 4BFD09B2263FB5D9004D43E2 /* GoogleService-Info.plist */; };
		4BFD09BE263FEB26004D43E2 /* ViewType.swift in Sources */ = {isa = PBXBuildFile; fileRef = 4BFD09BD263FEB26004D43E2 /* ViewType.swift */; };
		4BFD09C0263FEB57004D43E2 /* ViewModelType.swift in Sources */ = {isa = PBXBuildFile; fileRef = 4BFD09BF263FEB57004D43E2 /* ViewModelType.swift */; };
		4BFD09C3263FEC3E004D43E2 /* AuthService.swift in Sources */ = {isa = PBXBuildFile; fileRef = 4BFD09C2263FEC3E004D43E2 /* AuthService.swift */; };
		4BFD09C5263FF12D004D43E2 /* LoginViewModel.swift in Sources */ = {isa = PBXBuildFile; fileRef = 4BFD09C4263FF12D004D43E2 /* LoginViewModel.swift */; };
		4BFD09C7263FF144004D43E2 /* SignupViewModel.swift in Sources */ = {isa = PBXBuildFile; fileRef = 4BFD09C6263FF144004D43E2 /* SignupViewModel.swift */; };
		4BFD09C9263FF17B004D43E2 /* User.swift in Sources */ = {isa = PBXBuildFile; fileRef = 4BFD09C8263FF17B004D43E2 /* User.swift */; };
		4BFD09CB263FF18C004D43E2 /* Message.swift in Sources */ = {isa = PBXBuildFile; fileRef = 4BFD09CA263FF18C004D43E2 /* Message.swift */; };
		4BFD09CE263FF25C004D43E2 /* Conversation.swift in Sources */ = {isa = PBXBuildFile; fileRef = 4BFD09CD263FF25C004D43E2 /* Conversation.swift */; };
		4BFD09D0263FF83C004D43E2 /* Utils.swift in Sources */ = {isa = PBXBuildFile; fileRef = 4BFD09CF263FF83C004D43E2 /* Utils.swift */; };
		7049C70F98DEBAC6668813A1 /* Pods_ChatXTests.framework in Frameworks */ = {isa = PBXBuildFile; fileRef = 27094E691C6A2E4B47BDF0D0 /* Pods_ChatXTests.framework */; };
		C007CAAAF00A319628391E77 /* Pods_ChatX.framework in Frameworks */ = {isa = PBXBuildFile; fileRef = B2A16028F52F7CAE7E09A5C6 /* Pods_ChatX.framework */; };
/* End PBXBuildFile section */

/* Begin PBXContainerItemProxy section */
		4BFD0996263FB005004D43E2 /* PBXContainerItemProxy */ = {
			isa = PBXContainerItemProxy;
			containerPortal = 4BFD0977263FB004004D43E2 /* Project object */;
			proxyType = 1;
			remoteGlobalIDString = 4BFD097E263FB004004D43E2;
			remoteInfo = ChatX;
		};
/* End PBXContainerItemProxy section */

/* Begin PBXFileReference section */
		00DCDDF3E0FFEFEE50A83594 /* Pods-ChatX-ChatXUITests.release.xcconfig */ = {isa = PBXFileReference; includeInIndex = 1; lastKnownFileType = text.xcconfig; name = "Pods-ChatX-ChatXUITests.release.xcconfig"; path = "Target Support Files/Pods-ChatX-ChatXUITests/Pods-ChatX-ChatXUITests.release.xcconfig"; sourceTree = "<group>"; };
		06E1505AA842EA19CBF826BF /* Pods-ChatXTests.release.xcconfig */ = {isa = PBXFileReference; includeInIndex = 1; lastKnownFileType = text.xcconfig; name = "Pods-ChatXTests.release.xcconfig"; path = "Target Support Files/Pods-ChatXTests/Pods-ChatXTests.release.xcconfig"; sourceTree = "<group>"; };
		27094E691C6A2E4B47BDF0D0 /* Pods_ChatXTests.framework */ = {isa = PBXFileReference; explicitFileType = wrapper.framework; includeInIndex = 0; path = Pods_ChatXTests.framework; sourceTree = BUILT_PRODUCTS_DIR; };
		4B0C484B26400A33002BD081 /* CustomTextField.swift */ = {isa = PBXFileReference; lastKnownFileType = sourcecode.swift; path = CustomTextField.swift; sourceTree = "<group>"; };
		4B0C484D26400C88002BD081 /* AuthButton.swift */ = {isa = PBXFileReference; lastKnownFileType = sourcecode.swift; path = AuthButton.swift; sourceTree = "<group>"; };
		4B0C485226402CC0002BD081 /* UIViewController+Ext.swift */ = {isa = PBXFileReference; lastKnownFileType = sourcecode.swift; path = "UIViewController+Ext.swift"; sourceTree = "<group>"; };
		4B0C485426402E1F002BD081 /* BottomButton.swift */ = {isa = PBXFileReference; lastKnownFileType = sourcecode.swift; path = BottomButton.swift; sourceTree = "<group>"; };
		4B0C4856264034BD002BD081 /* SignupViewController.swift */ = {isa = PBXFileReference; lastKnownFileType = sourcecode.swift; path = SignupViewController.swift; sourceTree = "<group>"; };
		4B0C48582640393E002BD081 /* Reactive+Ext.swift */ = {isa = PBXFileReference; lastKnownFileType = sourcecode.swift; path = "Reactive+Ext.swift"; sourceTree = "<group>"; };
		4B0C485F2641135E002BD081 /* LoginViewModelBindable.swift */ = {isa = PBXFileReference; lastKnownFileType = sourcecode.swift; path = LoginViewModelBindable.swift; sourceTree = "<group>"; };
		4B0C4861264113EE002BD081 /* SignupViewModelBindable.swift */ = {isa = PBXFileReference; lastKnownFileType = sourcecode.swift; path = SignupViewModelBindable.swift; sourceTree = "<group>"; };
		4B0C486326411DD3002BD081 /* ChatListViewModelBindable.swift */ = {isa = PBXFileReference; lastKnownFileType = sourcecode.swift; path = ChatListViewModelBindable.swift; sourceTree = "<group>"; };
		4B0C486526411E11002BD081 /* ChatListViewModel.swift */ = {isa = PBXFileReference; lastKnownFileType = sourcecode.swift; path = ChatListViewModel.swift; sourceTree = "<group>"; };
		4B0C486726412348002BD081 /* ChatListViewController.swift */ = {isa = PBXFileReference; lastKnownFileType = sourcecode.swift; path = ChatListViewController.swift; sourceTree = "<group>"; };
		4B0C486926412394002BD081 /* APIService.swift */ = {isa = PBXFileReference; lastKnownFileType = sourcecode.swift; path = APIService.swift; sourceTree = "<group>"; };
		4B0C486B264126BB002BD081 /* ChatListCell.swift */ = {isa = PBXFileReference; lastKnownFileType = sourcecode.swift; path = ChatListCell.swift; sourceTree = "<group>"; };
		4B0C486D26412B5C002BD081 /* FriendListViewController.swift */ = {isa = PBXFileReference; lastKnownFileType = sourcecode.swift; path = FriendListViewController.swift; sourceTree = "<group>"; };
		4B0C486F26412B71002BD081 /* FriendListViewModel.swift */ = {isa = PBXFileReference; lastKnownFileType = sourcecode.swift; path = FriendListViewModel.swift; sourceTree = "<group>"; };
		4B0C487126412B85002BD081 /* FriendListViewModelBindable.swift */ = {isa = PBXFileReference; lastKnownFileType = sourcecode.swift; path = FriendListViewModelBindable.swift; sourceTree = "<group>"; };
		4B1A498DAEF82B5E0A9E4EE2 /* Pods-ChatX.release.xcconfig */ = {isa = PBXFileReference; includeInIndex = 1; lastKnownFileType = text.xcconfig; name = "Pods-ChatX.release.xcconfig"; path = "Target Support Files/Pods-ChatX/Pods-ChatX.release.xcconfig"; sourceTree = "<group>"; };
		4B7645F9264A850E00290E2E /* UserCell.swift */ = {isa = PBXFileReference; fileEncoding = 4; lastKnownFileType = sourcecode.swift; path = UserCell.swift; sourceTree = "<group>"; };
		4B764604264BC97900290E2E /* LoginViewModelTest.swift */ = {isa = PBXFileReference; lastKnownFileType = sourcecode.swift; path = LoginViewModelTest.swift; sourceTree = "<group>"; };
		4B764608264C136500290E2E /* FriendListViewModelTest.swift */ = {isa = PBXFileReference; lastKnownFileType = sourcecode.swift; path = FriendListViewModelTest.swift; sourceTree = "<group>"; };
		4B76460A264C181B00290E2E /* APIServiceProtocol.swift */ = {isa = PBXFileReference; lastKnownFileType = sourcecode.swift; path = APIServiceProtocol.swift; sourceTree = "<group>"; };
		4B76460C264C192D00290E2E /* FakeAPIService.swift */ = {isa = PBXFileReference; lastKnownFileType = sourcecode.swift; path = FakeAPIService.swift; sourceTree = "<group>"; };
		4B76460E264CBBE700290E2E /* ChatListViewModelTest.swift */ = {isa = PBXFileReference; lastKnownFileType = sourcecode.swift; path = ChatListViewModelTest.swift; sourceTree = "<group>"; };
		4B764610264CBDE800290E2E /* ChatViewModelTest.swift */ = {isa = PBXFileReference; lastKnownFileType = sourcecode.swift; path = ChatViewModelTest.swift; sourceTree = "<group>"; };
		4B9E1A1B264D60DE00936FD3 /* ChatX.entitlements */ = {isa = PBXFileReference; lastKnownFileType = text.plist.entitlements; path = ChatX.entitlements; sourceTree = "<group>"; };
		4B9E1A1C264D630A00936FD3 /* PushNotificationSender.swift */ = {isa = PBXFileReference; lastKnownFileType = sourcecode.swift; path = PushNotificationSender.swift; sourceTree = "<group>"; };
		4B9E1A1F264D716000936FD3 /* Push.swift */ = {isa = PBXFileReference; lastKnownFileType = sourcecode.swift; path = Push.swift; sourceTree = "<group>"; };
		4BEB39562641691A006FC9BB /* ChatViewModelBindable.swift */ = {isa = PBXFileReference; lastKnownFileType = sourcecode.swift; path = ChatViewModelBindable.swift; sourceTree = "<group>"; };
		4BEB395826416942006FC9BB /* ChatViewModel.swift */ = {isa = PBXFileReference; lastKnownFileType = sourcecode.swift; path = ChatViewModel.swift; sourceTree = "<group>"; };
		4BEB395A26416950006FC9BB /* ChatViewController.swift */ = {isa = PBXFileReference; lastKnownFileType = sourcecode.swift; path = ChatViewController.swift; sourceTree = "<group>"; };
		4BEB395C26416BE7006FC9BB /* CustomInputView.swift */ = {isa = PBXFileReference; lastKnownFileType = sourcecode.swift; path = CustomInputView.swift; sourceTree = "<group>"; };
		4BEB395E26416E9D006FC9BB /* MessageCell.swift */ = {isa = PBXFileReference; lastKnownFileType = sourcecode.swift; path = MessageCell.swift; sourceTree = "<group>"; };
		4BEB396026416EFC006FC9BB /* MessageViewModel.swift */ = {isa = PBXFileReference; lastKnownFileType = sourcecode.swift; path = MessageViewModel.swift; sourceTree = "<group>"; };
		4BFD097F263FB004004D43E2 /* ChatX.app */ = {isa = PBXFileReference; explicitFileType = wrapper.application; includeInIndex = 0; path = ChatX.app; sourceTree = BUILT_PRODUCTS_DIR; };
		4BFD0982263FB004004D43E2 /* AppDelegate.swift */ = {isa = PBXFileReference; lastKnownFileType = sourcecode.swift; path = AppDelegate.swift; sourceTree = "<group>"; };
		4BFD0984263FB004004D43E2 /* SceneDelegate.swift */ = {isa = PBXFileReference; lastKnownFileType = sourcecode.swift; path = SceneDelegate.swift; sourceTree = "<group>"; };
		4BFD0986263FB004004D43E2 /* LoginViewController.swift */ = {isa = PBXFileReference; lastKnownFileType = sourcecode.swift; path = LoginViewController.swift; sourceTree = "<group>"; };
		4BFD0989263FB004004D43E2 /* Base */ = {isa = PBXFileReference; lastKnownFileType = file.storyboard; name = Base; path = Base.lproj/Main.storyboard; sourceTree = "<group>"; };
		4BFD098B263FB005004D43E2 /* Assets.xcassets */ = {isa = PBXFileReference; lastKnownFileType = folder.assetcatalog; path = Assets.xcassets; sourceTree = "<group>"; };
		4BFD098E263FB005004D43E2 /* Base */ = {isa = PBXFileReference; lastKnownFileType = file.storyboard; name = Base; path = Base.lproj/LaunchScreen.storyboard; sourceTree = "<group>"; };
		4BFD0990263FB005004D43E2 /* Info.plist */ = {isa = PBXFileReference; lastKnownFileType = text.plist.xml; path = Info.plist; sourceTree = "<group>"; };
		4BFD0995263FB005004D43E2 /* ChatXTests.xctest */ = {isa = PBXFileReference; explicitFileType = wrapper.cfbundle; includeInIndex = 0; path = ChatXTests.xctest; sourceTree = BUILT_PRODUCTS_DIR; };
		4BFD099B263FB005004D43E2 /* Info.plist */ = {isa = PBXFileReference; lastKnownFileType = text.plist.xml; path = Info.plist; sourceTree = "<group>"; };
		4BFD09B2263FB5D9004D43E2 /* GoogleService-Info.plist */ = {isa = PBXFileReference; fileEncoding = 4; lastKnownFileType = text.plist.xml; path = "GoogleService-Info.plist"; sourceTree = "<group>"; };
		4BFD09BD263FEB26004D43E2 /* ViewType.swift */ = {isa = PBXFileReference; lastKnownFileType = sourcecode.swift; path = ViewType.swift; sourceTree = "<group>"; };
		4BFD09BF263FEB57004D43E2 /* ViewModelType.swift */ = {isa = PBXFileReference; lastKnownFileType = sourcecode.swift; path = ViewModelType.swift; sourceTree = "<group>"; };
		4BFD09C2263FEC3E004D43E2 /* AuthService.swift */ = {isa = PBXFileReference; lastKnownFileType = sourcecode.swift; path = AuthService.swift; sourceTree = "<group>"; };
		4BFD09C4263FF12D004D43E2 /* LoginViewModel.swift */ = {isa = PBXFileReference; lastKnownFileType = sourcecode.swift; path = LoginViewModel.swift; sourceTree = "<group>"; };
		4BFD09C6263FF144004D43E2 /* SignupViewModel.swift */ = {isa = PBXFileReference; lastKnownFileType = sourcecode.swift; path = SignupViewModel.swift; sourceTree = "<group>"; };
		4BFD09C8263FF17B004D43E2 /* User.swift */ = {isa = PBXFileReference; lastKnownFileType = sourcecode.swift; path = User.swift; sourceTree = "<group>"; };
		4BFD09CA263FF18C004D43E2 /* Message.swift */ = {isa = PBXFileReference; lastKnownFileType = sourcecode.swift; path = Message.swift; sourceTree = "<group>"; };
		4BFD09CD263FF25C004D43E2 /* Conversation.swift */ = {isa = PBXFileReference; lastKnownFileType = sourcecode.swift; path = Conversation.swift; sourceTree = "<group>"; };
		4BFD09CF263FF83C004D43E2 /* Utils.swift */ = {isa = PBXFileReference; lastKnownFileType = sourcecode.swift; path = Utils.swift; sourceTree = "<group>"; };
		5410EFC20BB2BAD49FDEE9AB /* Pods-ChatXTests.debug.xcconfig */ = {isa = PBXFileReference; includeInIndex = 1; lastKnownFileType = text.xcconfig; name = "Pods-ChatXTests.debug.xcconfig"; path = "Target Support Files/Pods-ChatXTests/Pods-ChatXTests.debug.xcconfig"; sourceTree = "<group>"; };
		6B1B6EC8657179A1FD7F2EF9 /* Pods_ChatX_ChatXUITests.framework */ = {isa = PBXFileReference; explicitFileType = wrapper.framework; includeInIndex = 0; path = Pods_ChatX_ChatXUITests.framework; sourceTree = BUILT_PRODUCTS_DIR; };
		AA72D7E3BDBD5E54612A860B /* Pods-ChatX-ChatXUITests.debug.xcconfig */ = {isa = PBXFileReference; includeInIndex = 1; lastKnownFileType = text.xcconfig; name = "Pods-ChatX-ChatXUITests.debug.xcconfig"; path = "Target Support Files/Pods-ChatX-ChatXUITests/Pods-ChatX-ChatXUITests.debug.xcconfig"; sourceTree = "<group>"; };
		B2A16028F52F7CAE7E09A5C6 /* Pods_ChatX.framework */ = {isa = PBXFileReference; explicitFileType = wrapper.framework; includeInIndex = 0; path = Pods_ChatX.framework; sourceTree = BUILT_PRODUCTS_DIR; };
		F45A815C9D1D00C67AEBCD74 /* Pods-ChatX.debug.xcconfig */ = {isa = PBXFileReference; includeInIndex = 1; lastKnownFileType = text.xcconfig; name = "Pods-ChatX.debug.xcconfig"; path = "Target Support Files/Pods-ChatX/Pods-ChatX.debug.xcconfig"; sourceTree = "<group>"; };
/* End PBXFileReference section */

/* Begin PBXFrameworksBuildPhase section */
		4BFD097C263FB004004D43E2 /* Frameworks */ = {
			isa = PBXFrameworksBuildPhase;
			buildActionMask = 2147483647;
			files = (
				C007CAAAF00A319628391E77 /* Pods_ChatX.framework in Frameworks */,
			);
			runOnlyForDeploymentPostprocessing = 0;
		};
		4BFD0992263FB005004D43E2 /* Frameworks */ = {
			isa = PBXFrameworksBuildPhase;
			buildActionMask = 2147483647;
			files = (
				7049C70F98DEBAC6668813A1 /* Pods_ChatXTests.framework in Frameworks */,
			);
			runOnlyForDeploymentPostprocessing = 0;
		};
/* End PBXFrameworksBuildPhase section */

/* Begin PBXGroup section */
		29D50FD3AA9268EF84C0FDBD /* Pods */ = {
			isa = PBXGroup;
			children = (
				F45A815C9D1D00C67AEBCD74 /* Pods-ChatX.debug.xcconfig */,
				4B1A498DAEF82B5E0A9E4EE2 /* Pods-ChatX.release.xcconfig */,
				AA72D7E3BDBD5E54612A860B /* Pods-ChatX-ChatXUITests.debug.xcconfig */,
				00DCDDF3E0FFEFEE50A83594 /* Pods-ChatX-ChatXUITests.release.xcconfig */,
				5410EFC20BB2BAD49FDEE9AB /* Pods-ChatXTests.debug.xcconfig */,
				06E1505AA842EA19CBF826BF /* Pods-ChatXTests.release.xcconfig */,
			);
			path = Pods;
			sourceTree = "<group>";
		};
		2EAC093B0FED444BD57BF242 /* Frameworks */ = {
			isa = PBXGroup;
			children = (
				B2A16028F52F7CAE7E09A5C6 /* Pods_ChatX.framework */,
				6B1B6EC8657179A1FD7F2EF9 /* Pods_ChatX_ChatXUITests.framework */,
				27094E691C6A2E4B47BDF0D0 /* Pods_ChatXTests.framework */,
			);
			name = Frameworks;
			sourceTree = "<group>";
		};
		4B0C485126402CAF002BD081 /* Extension */ = {
			isa = PBXGroup;
			children = (
				4B0C485226402CC0002BD081 /* UIViewController+Ext.swift */,
				4B0C48582640393E002BD081 /* Reactive+Ext.swift */,
			);
			path = Extension;
			sourceTree = "<group>";
		};
		4B0C487326412B8D002BD081 /* Base */ = {
			isa = PBXGroup;
			children = (
				4BFD09BD263FEB26004D43E2 /* ViewType.swift */,
				4BFD09BF263FEB57004D43E2 /* ViewModelType.swift */,
			);
			path = Base;
			sourceTree = "<group>";
		};
		4B0C487426412B94002BD081 /* Bindable */ = {
			isa = PBXGroup;
			children = (
				4B0C485F2641135E002BD081 /* LoginViewModelBindable.swift */,
				4B0C4861264113EE002BD081 /* SignupViewModelBindable.swift */,
				4B0C486326411DD3002BD081 /* ChatListViewModelBindable.swift */,
				4B0C487126412B85002BD081 /* FriendListViewModelBindable.swift */,
				4BEB39562641691A006FC9BB /* ChatViewModelBindable.swift */,
			);
			path = Bindable;
			sourceTree = "<group>";
		};
		4B9E1A1E264D647C00936FD3 /* Helper */ = {
			isa = PBXGroup;
			children = (
				4B9E1A1C264D630A00936FD3 /* PushNotificationSender.swift */,
			);
			path = Helper;
			sourceTree = "<group>";
		};
		4BFD0976263FB004004D43E2 = {
			isa = PBXGroup;
			children = (
				4BFD0981263FB004004D43E2 /* ChatX */,
				4BFD0998263FB005004D43E2 /* ChatXTests */,
				4BFD0980263FB004004D43E2 /* Products */,
				29D50FD3AA9268EF84C0FDBD /* Pods */,
				2EAC093B0FED444BD57BF242 /* Frameworks */,
			);
			sourceTree = "<group>";
		};
		4BFD0980263FB004004D43E2 /* Products */ = {
			isa = PBXGroup;
			children = (
				4BFD097F263FB004004D43E2 /* ChatX.app */,
				4BFD0995263FB005004D43E2 /* ChatXTests.xctest */,
			);
			name = Products;
			sourceTree = "<group>";
		};
		4BFD0981263FB004004D43E2 /* ChatX */ = {
			isa = PBXGroup;
			children = (
				4B9E1A1E264D647C00936FD3 /* Helper */,
				4B9E1A1B264D60DE00936FD3 /* ChatX.entitlements */,
				4B0C485126402CAF002BD081 /* Extension */,
				4BFD09C1263FEC0D004D43E2 /* Service */,
				4BFD09BC263FEAB4004D43E2 /* Protocol */,
				4BFD09BB263FEA0F004D43E2 /* Utils */,
				4BFD09B9263FE95C004D43E2 /* Controller */,
				4BFD09B8263FE945004D43E2 /* ViewModel */,
				4BFD09B7263FE937004D43E2 /* Model */,
				4BFD09B6263FE92F004D43E2 /* View */,
				4BFD09B5263FE8FF004D43E2 /* Resources */,
				4BFD09B4263FE8EB004D43E2 /* App */,
				4BFD09B2263FB5D9004D43E2 /* GoogleService-Info.plist */,
				4BFD0988263FB004004D43E2 /* Main.storyboard */,
				4BFD098D263FB005004D43E2 /* LaunchScreen.storyboard */,
				4BFD0990263FB005004D43E2 /* Info.plist */,
			);
			path = ChatX;
			sourceTree = "<group>";
		};
		4BFD0998263FB005004D43E2 /* ChatXTests */ = {
			isa = PBXGroup;
			children = (
				4BFD099B263FB005004D43E2 /* Info.plist */,
				4B764604264BC97900290E2E /* LoginViewModelTest.swift */,
				4B764608264C136500290E2E /* FriendListViewModelTest.swift */,
				4B76460C264C192D00290E2E /* FakeAPIService.swift */,
				4B76460E264CBBE700290E2E /* ChatListViewModelTest.swift */,
				4B764610264CBDE800290E2E /* ChatViewModelTest.swift */,
			);
			path = ChatXTests;
			sourceTree = "<group>";
		};
		4BFD09B4263FE8EB004D43E2 /* App */ = {
			isa = PBXGroup;
			children = (
				4BFD0982263FB004004D43E2 /* AppDelegate.swift */,
				4BFD0984263FB004004D43E2 /* SceneDelegate.swift */,
			);
			path = App;
			sourceTree = "<group>";
		};
		4BFD09B5263FE8FF004D43E2 /* Resources */ = {
			isa = PBXGroup;
			children = (
				4BFD098B263FB005004D43E2 /* Assets.xcassets */,
			);
			path = Resources;
			sourceTree = "<group>";
		};
		4BFD09B6263FE92F004D43E2 /* View */ = {
			isa = PBXGroup;
			children = (
				4B7645F9264A850E00290E2E /* UserCell.swift */,
				4B0C484B26400A33002BD081 /* CustomTextField.swift */,
				4B0C484D26400C88002BD081 /* AuthButton.swift */,
				4B0C485426402E1F002BD081 /* BottomButton.swift */,
				4B0C486B264126BB002BD081 /* ChatListCell.swift */,
				4BEB395C26416BE7006FC9BB /* CustomInputView.swift */,
				4BEB395E26416E9D006FC9BB /* MessageCell.swift */,
			);
			path = View;
			sourceTree = "<group>";
		};
		4BFD09B7263FE937004D43E2 /* Model */ = {
			isa = PBXGroup;
			children = (
				4BFD09C8263FF17B004D43E2 /* User.swift */,
				4BFD09CA263FF18C004D43E2 /* Message.swift */,
				4BFD09CD263FF25C004D43E2 /* Conversation.swift */,
				4B9E1A1F264D716000936FD3 /* Push.swift */,
			);
			path = Model;
			sourceTree = "<group>";
		};
		4BFD09B8263FE945004D43E2 /* ViewModel */ = {
			isa = PBXGroup;
			children = (
				4BFD09C4263FF12D004D43E2 /* LoginViewModel.swift */,
				4BFD09C6263FF144004D43E2 /* SignupViewModel.swift */,
				4B0C486526411E11002BD081 /* ChatListViewModel.swift */,
				4B0C486F26412B71002BD081 /* FriendListViewModel.swift */,
				4BEB395826416942006FC9BB /* ChatViewModel.swift */,
				4BEB396026416EFC006FC9BB /* MessageViewModel.swift */,
			);
			path = ViewModel;
			sourceTree = "<group>";
		};
		4BFD09B9263FE95C004D43E2 /* Controller */ = {
			isa = PBXGroup;
			children = (
				4BFD0986263FB004004D43E2 /* LoginViewController.swift */,
				4B0C4856264034BD002BD081 /* SignupViewController.swift */,
				4B0C486726412348002BD081 /* ChatListViewController.swift */,
				4B0C486D26412B5C002BD081 /* FriendListViewController.swift */,
				4BEB395A26416950006FC9BB /* ChatViewController.swift */,
			);
			path = Controller;
			sourceTree = "<group>";
		};
		4BFD09BB263FEA0F004D43E2 /* Utils */ = {
			isa = PBXGroup;
			children = (
				4BFD09CF263FF83C004D43E2 /* Utils.swift */,
			);
			path = Utils;
			sourceTree = "<group>";
		};
		4BFD09BC263FEAB4004D43E2 /* Protocol */ = {
			isa = PBXGroup;
			children = (
				4B0C487426412B94002BD081 /* Bindable */,
				4B0C487326412B8D002BD081 /* Base */,
			);
			path = Protocol;
			sourceTree = "<group>";
		};
		4BFD09C1263FEC0D004D43E2 /* Service */ = {
			isa = PBXGroup;
			children = (
				4BFD09C2263FEC3E004D43E2 /* AuthService.swift */,
				4B0C486926412394002BD081 /* APIService.swift */,
				4B76460A264C181B00290E2E /* APIServiceProtocol.swift */,
			);
			path = Service;
			sourceTree = "<group>";
		};
/* End PBXGroup section */

/* Begin PBXNativeTarget section */
		4BFD097E263FB004004D43E2 /* ChatX */ = {
			isa = PBXNativeTarget;
			buildConfigurationList = 4BFD09A9263FB005004D43E2 /* Build configuration list for PBXNativeTarget "ChatX" */;
			buildPhases = (
				7C19262E675C2D442F17116E /* [CP] Check Pods Manifest.lock */,
				4BFD097B263FB004004D43E2 /* Sources */,
				4BFD097C263FB004004D43E2 /* Frameworks */,
				4BFD097D263FB004004D43E2 /* Resources */,
				3CA9DEEB704C3E6D466CD459 /* [CP] Embed Pods Frameworks */,
			);
			buildRules = (
			);
			dependencies = (
			);
			name = ChatX;
			productName = ChatX;
			productReference = 4BFD097F263FB004004D43E2 /* ChatX.app */;
			productType = "com.apple.product-type.application";
		};
		4BFD0994263FB005004D43E2 /* ChatXTests */ = {
			isa = PBXNativeTarget;
			buildConfigurationList = 4BFD09AC263FB005004D43E2 /* Build configuration list for PBXNativeTarget "ChatXTests" */;
			buildPhases = (
				3F9371CB220172664B709E37 /* [CP] Check Pods Manifest.lock */,
				4BFD0991263FB005004D43E2 /* Sources */,
				4BFD0992263FB005004D43E2 /* Frameworks */,
				4BFD0993263FB005004D43E2 /* Resources */,
				C1DEE768398EBB9CADBC458E /* [CP] Embed Pods Frameworks */,
			);
			buildRules = (
			);
			dependencies = (
				4BFD0997263FB005004D43E2 /* PBXTargetDependency */,
			);
			name = ChatXTests;
			productName = ChatXTests;
			productReference = 4BFD0995263FB005004D43E2 /* ChatXTests.xctest */;
			productType = "com.apple.product-type.bundle.unit-test";
		};
/* End PBXNativeTarget section */

/* Begin PBXProject section */
		4BFD0977263FB004004D43E2 /* Project object */ = {
			isa = PBXProject;
			attributes = {
				LastSwiftUpdateCheck = 1250;
				LastUpgradeCheck = 1250;
				TargetAttributes = {
					4BFD097E263FB004004D43E2 = {
						CreatedOnToolsVersion = 12.5;
					};
					4BFD0994263FB005004D43E2 = {
						CreatedOnToolsVersion = 12.5;
						TestTargetID = 4BFD097E263FB004004D43E2;
					};
				};
			};
			buildConfigurationList = 4BFD097A263FB004004D43E2 /* Build configuration list for PBXProject "ChatX" */;
			compatibilityVersion = "Xcode 9.3";
			developmentRegion = en;
			hasScannedForEncodings = 0;
			knownRegions = (
				en,
				Base,
			);
			mainGroup = 4BFD0976263FB004004D43E2;
			productRefGroup = 4BFD0980263FB004004D43E2 /* Products */;
			projectDirPath = "";
			projectRoot = "";
			targets = (
				4BFD097E263FB004004D43E2 /* ChatX */,
				4BFD0994263FB005004D43E2 /* ChatXTests */,
			);
		};
/* End PBXProject section */

/* Begin PBXResourcesBuildPhase section */
		4BFD097D263FB004004D43E2 /* Resources */ = {
			isa = PBXResourcesBuildPhase;
			buildActionMask = 2147483647;
			files = (
				4BFD098F263FB005004D43E2 /* LaunchScreen.storyboard in Resources */,
				4BFD09B3263FB5D9004D43E2 /* GoogleService-Info.plist in Resources */,
				4BFD098C263FB005004D43E2 /* Assets.xcassets in Resources */,
				4BFD098A263FB004004D43E2 /* Main.storyboard in Resources */,
			);
			runOnlyForDeploymentPostprocessing = 0;
		};
		4BFD0993263FB005004D43E2 /* Resources */ = {
			isa = PBXResourcesBuildPhase;
			buildActionMask = 2147483647;
			files = (
			);
			runOnlyForDeploymentPostprocessing = 0;
		};
/* End PBXResourcesBuildPhase section */

/* Begin PBXShellScriptBuildPhase section */
		3CA9DEEB704C3E6D466CD459 /* [CP] Embed Pods Frameworks */ = {
			isa = PBXShellScriptBuildPhase;
			buildActionMask = 2147483647;
			files = (
			);
			inputFileListPaths = (
				"${PODS_ROOT}/Target Support Files/Pods-ChatX/Pods-ChatX-frameworks-${CONFIGURATION}-input-files.xcfilelist",
			);
			name = "[CP] Embed Pods Frameworks";
			outputFileListPaths = (
				"${PODS_ROOT}/Target Support Files/Pods-ChatX/Pods-ChatX-frameworks-${CONFIGURATION}-output-files.xcfilelist",
			);
			runOnlyForDeploymentPostprocessing = 0;
			shellPath = /bin/sh;
			shellScript = "\"${PODS_ROOT}/Target Support Files/Pods-ChatX/Pods-ChatX-frameworks.sh\"\n";
			showEnvVarsInLog = 0;
		};
		3F9371CB220172664B709E37 /* [CP] Check Pods Manifest.lock */ = {
			isa = PBXShellScriptBuildPhase;
			buildActionMask = 2147483647;
			files = (
			);
			inputFileListPaths = (
			);
			inputPaths = (
				"${PODS_PODFILE_DIR_PATH}/Podfile.lock",
				"${PODS_ROOT}/Manifest.lock",
			);
			name = "[CP] Check Pods Manifest.lock";
			outputFileListPaths = (
			);
			outputPaths = (
				"$(DERIVED_FILE_DIR)/Pods-ChatXTests-checkManifestLockResult.txt",
			);
			runOnlyForDeploymentPostprocessing = 0;
			shellPath = /bin/sh;
			shellScript = "diff \"${PODS_PODFILE_DIR_PATH}/Podfile.lock\" \"${PODS_ROOT}/Manifest.lock\" > /dev/null\nif [ $? != 0 ] ; then\n    # print error to STDERR\n    echo \"error: The sandbox is not in sync with the Podfile.lock. Run 'pod install' or update your CocoaPods installation.\" >&2\n    exit 1\nfi\n# This output is used by Xcode 'outputs' to avoid re-running this script phase.\necho \"SUCCESS\" > \"${SCRIPT_OUTPUT_FILE_0}\"\n";
			showEnvVarsInLog = 0;
		};
		7C19262E675C2D442F17116E /* [CP] Check Pods Manifest.lock */ = {
			isa = PBXShellScriptBuildPhase;
			buildActionMask = 2147483647;
			files = (
			);
			inputFileListPaths = (
			);
			inputPaths = (
				"${PODS_PODFILE_DIR_PATH}/Podfile.lock",
				"${PODS_ROOT}/Manifest.lock",
			);
			name = "[CP] Check Pods Manifest.lock";
			outputFileListPaths = (
			);
			outputPaths = (
				"$(DERIVED_FILE_DIR)/Pods-ChatX-checkManifestLockResult.txt",
			);
			runOnlyForDeploymentPostprocessing = 0;
			shellPath = /bin/sh;
			shellScript = "diff \"${PODS_PODFILE_DIR_PATH}/Podfile.lock\" \"${PODS_ROOT}/Manifest.lock\" > /dev/null\nif [ $? != 0 ] ; then\n    # print error to STDERR\n    echo \"error: The sandbox is not in sync with the Podfile.lock. Run 'pod install' or update your CocoaPods installation.\" >&2\n    exit 1\nfi\n# This output is used by Xcode 'outputs' to avoid re-running this script phase.\necho \"SUCCESS\" > \"${SCRIPT_OUTPUT_FILE_0}\"\n";
			showEnvVarsInLog = 0;
		};
		C1DEE768398EBB9CADBC458E /* [CP] Embed Pods Frameworks */ = {
			isa = PBXShellScriptBuildPhase;
			buildActionMask = 2147483647;
			files = (
			);
			inputFileListPaths = (
				"${PODS_ROOT}/Target Support Files/Pods-ChatXTests/Pods-ChatXTests-frameworks-${CONFIGURATION}-input-files.xcfilelist",
			);
			name = "[CP] Embed Pods Frameworks";
			outputFileListPaths = (
				"${PODS_ROOT}/Target Support Files/Pods-ChatXTests/Pods-ChatXTests-frameworks-${CONFIGURATION}-output-files.xcfilelist",
			);
			runOnlyForDeploymentPostprocessing = 0;
			shellPath = /bin/sh;
			shellScript = "\"${PODS_ROOT}/Target Support Files/Pods-ChatXTests/Pods-ChatXTests-frameworks.sh\"\n";
			showEnvVarsInLog = 0;
		};
/* End PBXShellScriptBuildPhase section */

/* Begin PBXSourcesBuildPhase section */
		4BFD097B263FB004004D43E2 /* Sources */ = {
			isa = PBXSourcesBuildPhase;
			buildActionMask = 2147483647;
			files = (
				4B76460B264C181B00290E2E /* APIServiceProtocol.swift in Sources */,
				4B0C48592640393E002BD081 /* Reactive+Ext.swift in Sources */,
				4BEB395F26416E9D006FC9BB /* MessageCell.swift in Sources */,
				4B9E1A20264D716000936FD3 /* Push.swift in Sources */,
				4B0C486A26412394002BD081 /* APIService.swift in Sources */,
				4BFD0987263FB004004D43E2 /* LoginViewController.swift in Sources */,
				4B0C485326402CC0002BD081 /* UIViewController+Ext.swift in Sources */,
				4BFD09C3263FEC3E004D43E2 /* AuthService.swift in Sources */,
				4BFD09C7263FF144004D43E2 /* SignupViewModel.swift in Sources */,
				4B0C486626411E11002BD081 /* ChatListViewModel.swift in Sources */,
				4B0C48602641135E002BD081 /* LoginViewModelBindable.swift in Sources */,
				4BFD0983263FB004004D43E2 /* AppDelegate.swift in Sources */,
				4BFD09BE263FEB26004D43E2 /* ViewType.swift in Sources */,
				4B0C486426411DD4002BD081 /* ChatListViewModelBindable.swift in Sources */,
				4B0C486E26412B5C002BD081 /* FriendListViewController.swift in Sources */,
				4B7645FA264A850E00290E2E /* UserCell.swift in Sources */,
				4B0C487226412B85002BD081 /* FriendListViewModelBindable.swift in Sources */,
				4B0C485526402E1F002BD081 /* BottomButton.swift in Sources */,
				4BEB395D26416BE7006FC9BB /* CustomInputView.swift in Sources */,
				4BEB395926416942006FC9BB /* ChatViewModel.swift in Sources */,
				4B0C4857264034BD002BD081 /* SignupViewController.swift in Sources */,
				4BFD09CE263FF25C004D43E2 /* Conversation.swift in Sources */,
				4B0C484C26400A33002BD081 /* CustomTextField.swift in Sources */,
				4B9E1A1D264D630A00936FD3 /* PushNotificationSender.swift in Sources */,
				4BEB39572641691A006FC9BB /* ChatViewModelBindable.swift in Sources */,
				4BFD09C9263FF17B004D43E2 /* User.swift in Sources */,
				4B0C486C264126BB002BD081 /* ChatListCell.swift in Sources */,
				4BFD09C0263FEB57004D43E2 /* ViewModelType.swift in Sources */,
				4B0C484E26400C88002BD081 /* AuthButton.swift in Sources */,
				4BEB395B26416950006FC9BB /* ChatViewController.swift in Sources */,
				4B0C486826412348002BD081 /* ChatListViewController.swift in Sources */,
				4B0C4862264113EE002BD081 /* SignupViewModelBindable.swift in Sources */,
				4BFD09CB263FF18C004D43E2 /* Message.swift in Sources */,
				4B0C487026412B71002BD081 /* FriendListViewModel.swift in Sources */,
				4BFD0985263FB004004D43E2 /* SceneDelegate.swift in Sources */,
				4BFD09C5263FF12D004D43E2 /* LoginViewModel.swift in Sources */,
				4BEB396126416EFC006FC9BB /* MessageViewModel.swift in Sources */,
				4BFD09D0263FF83C004D43E2 /* Utils.swift in Sources */,
			);
			runOnlyForDeploymentPostprocessing = 0;
		};
		4BFD0991263FB005004D43E2 /* Sources */ = {
			isa = PBXSourcesBuildPhase;
			buildActionMask = 2147483647;
			files = (
				4B764611264CBDE800290E2E /* ChatViewModelTest.swift in Sources */,
				4B764609264C136500290E2E /* FriendListViewModelTest.swift in Sources */,
				4B76460D264C192D00290E2E /* FakeAPIService.swift in Sources */,
				4B764605264BC97900290E2E /* LoginViewModelTest.swift in Sources */,
				4B76460F264CBBE700290E2E /* ChatListViewModelTest.swift in Sources */,
			);
			runOnlyForDeploymentPostprocessing = 0;
		};
/* End PBXSourcesBuildPhase section */

/* Begin PBXTargetDependency section */
		4BFD0997263FB005004D43E2 /* PBXTargetDependency */ = {
			isa = PBXTargetDependency;
			target = 4BFD097E263FB004004D43E2 /* ChatX */;
			targetProxy = 4BFD0996263FB005004D43E2 /* PBXContainerItemProxy */;
		};
/* End PBXTargetDependency section */

/* Begin PBXVariantGroup section */
		4BFD0988263FB004004D43E2 /* Main.storyboard */ = {
			isa = PBXVariantGroup;
			children = (
				4BFD0989263FB004004D43E2 /* Base */,
			);
			name = Main.storyboard;
			sourceTree = "<group>";
		};
		4BFD098D263FB005004D43E2 /* LaunchScreen.storyboard */ = {
			isa = PBXVariantGroup;
			children = (
				4BFD098E263FB005004D43E2 /* Base */,
			);
			name = LaunchScreen.storyboard;
			sourceTree = "<group>";
		};
/* End PBXVariantGroup section */

/* Begin XCBuildConfiguration section */
		4BFD09A7263FB005004D43E2 /* Debug */ = {
			isa = XCBuildConfiguration;
			buildSettings = {
				ALWAYS_SEARCH_USER_PATHS = NO;
				CLANG_ANALYZER_NONNULL = YES;
				CLANG_ANALYZER_NUMBER_OBJECT_CONVERSION = YES_AGGRESSIVE;
				CLANG_CXX_LANGUAGE_STANDARD = "gnu++14";
				CLANG_CXX_LIBRARY = "libc++";
				CLANG_ENABLE_MODULES = YES;
				CLANG_ENABLE_OBJC_ARC = YES;
				CLANG_ENABLE_OBJC_WEAK = YES;
				CLANG_WARN_BLOCK_CAPTURE_AUTORELEASING = YES;
				CLANG_WARN_BOOL_CONVERSION = YES;
				CLANG_WARN_COMMA = YES;
				CLANG_WARN_CONSTANT_CONVERSION = YES;
				CLANG_WARN_DEPRECATED_OBJC_IMPLEMENTATIONS = YES;
				CLANG_WARN_DIRECT_OBJC_ISA_USAGE = YES_ERROR;
				CLANG_WARN_DOCUMENTATION_COMMENTS = YES;
				CLANG_WARN_EMPTY_BODY = YES;
				CLANG_WARN_ENUM_CONVERSION = YES;
				CLANG_WARN_INFINITE_RECURSION = YES;
				CLANG_WARN_INT_CONVERSION = YES;
				CLANG_WARN_NON_LITERAL_NULL_CONVERSION = YES;
				CLANG_WARN_OBJC_IMPLICIT_RETAIN_SELF = YES;
				CLANG_WARN_OBJC_LITERAL_CONVERSION = YES;
				CLANG_WARN_OBJC_ROOT_CLASS = YES_ERROR;
				CLANG_WARN_QUOTED_INCLUDE_IN_FRAMEWORK_HEADER = YES;
				CLANG_WARN_RANGE_LOOP_ANALYSIS = YES;
				CLANG_WARN_STRICT_PROTOTYPES = YES;
				CLANG_WARN_SUSPICIOUS_MOVE = YES;
				CLANG_WARN_UNGUARDED_AVAILABILITY = YES_AGGRESSIVE;
				CLANG_WARN_UNREACHABLE_CODE = YES;
				CLANG_WARN__DUPLICATE_METHOD_MATCH = YES;
				COPY_PHASE_STRIP = NO;
				DEBUG_INFORMATION_FORMAT = dwarf;
				ENABLE_STRICT_OBJC_MSGSEND = YES;
				ENABLE_TESTABILITY = YES;
				GCC_C_LANGUAGE_STANDARD = gnu11;
				GCC_DYNAMIC_NO_PIC = NO;
				GCC_NO_COMMON_BLOCKS = YES;
				GCC_OPTIMIZATION_LEVEL = 0;
				GCC_PREPROCESSOR_DEFINITIONS = (
					"DEBUG=1",
					"$(inherited)",
				);
				GCC_WARN_64_TO_32_BIT_CONVERSION = YES;
				GCC_WARN_ABOUT_RETURN_TYPE = YES_ERROR;
				GCC_WARN_UNDECLARED_SELECTOR = YES;
				GCC_WARN_UNINITIALIZED_AUTOS = YES_AGGRESSIVE;
				GCC_WARN_UNUSED_FUNCTION = YES;
				GCC_WARN_UNUSED_VARIABLE = YES;
				IPHONEOS_DEPLOYMENT_TARGET = 14.1;
				MTL_ENABLE_DEBUG_INFO = INCLUDE_SOURCE;
				MTL_FAST_MATH = YES;
				ONLY_ACTIVE_ARCH = YES;
				SDKROOT = iphoneos;
				SWIFT_ACTIVE_COMPILATION_CONDITIONS = DEBUG;
				SWIFT_OPTIMIZATION_LEVEL = "-Onone";
			};
			name = Debug;
		};
		4BFD09A8263FB005004D43E2 /* Release */ = {
			isa = XCBuildConfiguration;
			buildSettings = {
				ALWAYS_SEARCH_USER_PATHS = NO;
				CLANG_ANALYZER_NONNULL = YES;
				CLANG_ANALYZER_NUMBER_OBJECT_CONVERSION = YES_AGGRESSIVE;
				CLANG_CXX_LANGUAGE_STANDARD = "gnu++14";
				CLANG_CXX_LIBRARY = "libc++";
				CLANG_ENABLE_MODULES = YES;
				CLANG_ENABLE_OBJC_ARC = YES;
				CLANG_ENABLE_OBJC_WEAK = YES;
				CLANG_WARN_BLOCK_CAPTURE_AUTORELEASING = YES;
				CLANG_WARN_BOOL_CONVERSION = YES;
				CLANG_WARN_COMMA = YES;
				CLANG_WARN_CONSTANT_CONVERSION = YES;
				CLANG_WARN_DEPRECATED_OBJC_IMPLEMENTATIONS = YES;
				CLANG_WARN_DIRECT_OBJC_ISA_USAGE = YES_ERROR;
				CLANG_WARN_DOCUMENTATION_COMMENTS = YES;
				CLANG_WARN_EMPTY_BODY = YES;
				CLANG_WARN_ENUM_CONVERSION = YES;
				CLANG_WARN_INFINITE_RECURSION = YES;
				CLANG_WARN_INT_CONVERSION = YES;
				CLANG_WARN_NON_LITERAL_NULL_CONVERSION = YES;
				CLANG_WARN_OBJC_IMPLICIT_RETAIN_SELF = YES;
				CLANG_WARN_OBJC_LITERAL_CONVERSION = YES;
				CLANG_WARN_OBJC_ROOT_CLASS = YES_ERROR;
				CLANG_WARN_QUOTED_INCLUDE_IN_FRAMEWORK_HEADER = YES;
				CLANG_WARN_RANGE_LOOP_ANALYSIS = YES;
				CLANG_WARN_STRICT_PROTOTYPES = YES;
				CLANG_WARN_SUSPICIOUS_MOVE = YES;
				CLANG_WARN_UNGUARDED_AVAILABILITY = YES_AGGRESSIVE;
				CLANG_WARN_UNREACHABLE_CODE = YES;
				CLANG_WARN__DUPLICATE_METHOD_MATCH = YES;
				COPY_PHASE_STRIP = NO;
				DEBUG_INFORMATION_FORMAT = "dwarf-with-dsym";
				ENABLE_NS_ASSERTIONS = NO;
				ENABLE_STRICT_OBJC_MSGSEND = YES;
				GCC_C_LANGUAGE_STANDARD = gnu11;
				GCC_NO_COMMON_BLOCKS = YES;
				GCC_WARN_64_TO_32_BIT_CONVERSION = YES;
				GCC_WARN_ABOUT_RETURN_TYPE = YES_ERROR;
				GCC_WARN_UNDECLARED_SELECTOR = YES;
				GCC_WARN_UNINITIALIZED_AUTOS = YES_AGGRESSIVE;
				GCC_WARN_UNUSED_FUNCTION = YES;
				GCC_WARN_UNUSED_VARIABLE = YES;
				IPHONEOS_DEPLOYMENT_TARGET = 14.1;
				MTL_ENABLE_DEBUG_INFO = NO;
				MTL_FAST_MATH = YES;
				SDKROOT = iphoneos;
				SWIFT_COMPILATION_MODE = wholemodule;
				SWIFT_OPTIMIZATION_LEVEL = "-O";
				VALIDATE_PRODUCT = YES;
			};
			name = Release;
		};
		4BFD09AA263FB005004D43E2 /* Debug */ = {
			isa = XCBuildConfiguration;
			baseConfigurationReference = F45A815C9D1D00C67AEBCD74 /* Pods-ChatX.debug.xcconfig */;
			buildSettings = {
				ASSETCATALOG_COMPILER_APPICON_NAME = AppIcon;
				ASSETCATALOG_COMPILER_GLOBAL_ACCENT_COLOR_NAME = AccentColor;
				CODE_SIGN_ENTITLEMENTS = ChatX/ChatX.entitlements;
				CODE_SIGN_STYLE = Automatic;
				DEVELOPMENT_TEAM = 6Q6573TH26;
				INFOPLIST_FILE = ChatX/Info.plist;
				LD_RUNPATH_SEARCH_PATHS = (
					"$(inherited)",
					"@executable_path/Frameworks",
				);
				PRODUCT_BUNDLE_IDENTIFIER = com.piyushkant.chatx;
				PRODUCT_NAME = "$(TARGET_NAME)";
				SWIFT_VERSION = 5.0;
				TARGETED_DEVICE_FAMILY = 1;
			};
			name = Debug;
		};
		4BFD09AB263FB005004D43E2 /* Release */ = {
			isa = XCBuildConfiguration;
			baseConfigurationReference = 4B1A498DAEF82B5E0A9E4EE2 /* Pods-ChatX.release.xcconfig */;
			buildSettings = {
				ASSETCATALOG_COMPILER_APPICON_NAME = AppIcon;
				ASSETCATALOG_COMPILER_GLOBAL_ACCENT_COLOR_NAME = AccentColor;
				CODE_SIGN_ENTITLEMENTS = ChatX/ChatX.entitlements;
				CODE_SIGN_STYLE = Automatic;
				DEVELOPMENT_TEAM = 6Q6573TH26;
				INFOPLIST_FILE = ChatX/Info.plist;
				LD_RUNPATH_SEARCH_PATHS = (
					"$(inherited)",
					"@executable_path/Frameworks",
				);
				PRODUCT_BUNDLE_IDENTIFIER = com.piyushkant.chatx;
				PRODUCT_NAME = "$(TARGET_NAME)";
				SWIFT_VERSION = 5.0;
				TARGETED_DEVICE_FAMILY = 1;
			};
			name = Release;
		};
		4BFD09AD263FB005004D43E2 /* Debug */ = {
			isa = XCBuildConfiguration;
			baseConfigurationReference = 5410EFC20BB2BAD49FDEE9AB /* Pods-ChatXTests.debug.xcconfig */;
			buildSettings = {
				ALWAYS_EMBED_SWIFT_STANDARD_LIBRARIES = YES;
				BUNDLE_LOADER = "$(TEST_HOST)";
				CODE_SIGN_STYLE = Automatic;
				DEVELOPMENT_TEAM = 6Q6573TH26;
				INFOPLIST_FILE = ChatXTests/Info.plist;
				IPHONEOS_DEPLOYMENT_TARGET = 14.1;
				LD_RUNPATH_SEARCH_PATHS = (
					"$(inherited)",
					"@executable_path/Frameworks",
					"@loader_path/Frameworks",
				);
				PRODUCT_BUNDLE_IDENTIFIER = com.piyushkant.ChatXTests;
				PRODUCT_NAME = "$(TARGET_NAME)";
				SWIFT_VERSION = 5.0;
				TARGETED_DEVICE_FAMILY = "1,2";
				TEST_HOST = "$(BUILT_PRODUCTS_DIR)/ChatX.app/ChatX";
			};
			name = Debug;
		};
		4BFD09AE263FB005004D43E2 /* Release */ = {
			isa = XCBuildConfiguration;
			baseConfigurationReference = 06E1505AA842EA19CBF826BF /* Pods-ChatXTests.release.xcconfig */;
			buildSettings = {
				ALWAYS_EMBED_SWIFT_STANDARD_LIBRARIES = YES;
				BUNDLE_LOADER = "$(TEST_HOST)";
				CODE_SIGN_STYLE = Automatic;
				DEVELOPMENT_TEAM = 6Q6573TH26;
				INFOPLIST_FILE = ChatXTests/Info.plist;
				IPHONEOS_DEPLOYMENT_TARGET = 14.1;
				LD_RUNPATH_SEARCH_PATHS = (
					"$(inherited)",
					"@executable_path/Frameworks",
					"@loader_path/Frameworks",
				);
				PRODUCT_BUNDLE_IDENTIFIER = com.piyushkant.ChatXTests;
				PRODUCT_NAME = "$(TARGET_NAME)";
				SWIFT_VERSION = 5.0;
				TARGETED_DEVICE_FAMILY = "1,2";
				TEST_HOST = "$(BUILT_PRODUCTS_DIR)/ChatX.app/ChatX";
			};
			name = Release;
		};
/* End XCBuildConfiguration section */

/* Begin XCConfigurationList section */
		4BFD097A263FB004004D43E2 /* Build configuration list for PBXProject "ChatX" */ = {
			isa = XCConfigurationList;
			buildConfigurations = (
				4BFD09A7263FB005004D43E2 /* Debug */,
				4BFD09A8263FB005004D43E2 /* Release */,
			);
			defaultConfigurationIsVisible = 0;
			defaultConfigurationName = Release;
		};
		4BFD09A9263FB005004D43E2 /* Build configuration list for PBXNativeTarget "ChatX" */ = {
			isa = XCConfigurationList;
			buildConfigurations = (
				4BFD09AA263FB005004D43E2 /* Debug */,
				4BFD09AB263FB005004D43E2 /* Release */,
			);
			defaultConfigurationIsVisible = 0;
			defaultConfigurationName = Release;
		};
		4BFD09AC263FB005004D43E2 /* Build configuration list for PBXNativeTarget "ChatXTests" */ = {
			isa = XCConfigurationList;
			buildConfigurations = (
				4BFD09AD263FB005004D43E2 /* Debug */,
				4BFD09AE263FB005004D43E2 /* Release */,
			);
			defaultConfigurationIsVisible = 0;
			defaultConfigurationName = Release;
		};
/* End XCConfigurationList section */
	};
	rootObject = 4BFD0977263FB004004D43E2 /* Project object */;
}
